
Microsoft Visual Studio Solution File, Format Version 12.00
# Visual Studio Version 16
VisualStudioVersion = 16.0.31829.152
MinimumVisualStudioVersion = 10.0.40219.1
Project("{FAE04EC0-301F-11D3-BF4B-00C04F79EFBC}") = "ikak", "ikak\ikak.csproj", "{89666FE4-0B61-4C30-B637-3FD9597F2267}"
EndProject
Global
	GlobalSection(SolutionConfigurationPlatforms) = preSolution
		Debug|Any CPU = Debug|Any CPU
		Release|Any CPU = Release|Any CPU
	EndGlobalSection
	GlobalSection(ProjectConfigurationPlatforms) = postSolution
		{89666FE4-0B61-4C30-B637-3FD9597F2267}.Debug|Any CPU.ActiveCfg = Debug|Any CPU
		{89666FE4-0B61-4C30-B637-3FD9597F2267}.Debug|Any CPU.Build.0 = Debug|Any CPU
		{89666FE4-0B61-4C30-B637-3FD9597F2267}.Release|Any CPU.ActiveCfg = Release|Any CPU
		{89666FE4-0B61-4C30-B637-3FD9597F2267}.Release|Any CPU.Build.0 = Release|Any CPU
	EndGlobalSection
	GlobalSection(SolutionProperties) = preSolution
		HideSolutionNode = FALSE
	EndGlobalSection
	GlobalSection(ExtensibilityGlobals) = postSolution
		SolutionGuid = {16647D42-7766-4B6A-9826-B10F9D1AAA00}
	EndGlobalSection
EndGlobal
