
Microsoft Visual Studio Solution File, Format Version 12.00
# Visual Studio Version 16
VisualStudioVersion = 16.0.31729.503
MinimumVisualStudioVersion = 10.0.40219.1
Project("{FAE04EC0-301F-11D3-BF4B-00C04F79EFBC}") = "Paivays", "Paivays\Paivays.csproj", "{C13C34E9-7054-4693-B772-3CE6F267D146}"
EndProject
Global
	GlobalSection(SolutionConfigurationPlatforms) = preSolution
		Debug|Any CPU = Debug|Any CPU
		Release|Any CPU = Release|Any CPU
	EndGlobalSection
	GlobalSection(ProjectConfigurationPlatforms) = postSolution
		{C13C34E9-7054-4693-B772-3CE6F267D146}.Debug|Any CPU.ActiveCfg = Debug|Any CPU
		{C13C34E9-7054-4693-B772-3CE6F267D146}.Debug|Any CPU.Build.0 = Debug|Any CPU
		{C13C34E9-7054-4693-B772-3CE6F267D146}.Release|Any CPU.ActiveCfg = Release|Any CPU
		{C13C34E9-7054-4693-B772-3CE6F267D146}.Release|Any CPU.Build.0 = Release|Any CPU
	EndGlobalSection
	GlobalSection(SolutionProperties) = preSolution
		HideSolutionNode = FALSE
	EndGlobalSection
	GlobalSection(ExtensibilityGlobals) = postSolution
		SolutionGuid = {D0FC8FA3-CC41-4354-9EA8-68104E36705B}
	EndGlobalSection
EndGlobal
