
Microsoft Visual Studio Solution File, Format Version 12.00
# Visual Studio Version 16
VisualStudioVersion = 16.0.31829.152
MinimumVisualStudioVersion = 10.0.40219.1
Project("{FAE04EC0-301F-11D3-BF4B-00C04F79EFBC}") = "SuosikkiNimet", "SuosikkiNimet\SuosikkiNimet.csproj", "{393DAA10-0C0A-4167-8B0C-C03058A4A36D}"
EndProject
Global
	GlobalSection(SolutionConfigurationPlatforms) = preSolution
		Debug|Any CPU = Debug|Any CPU
		Release|Any CPU = Release|Any CPU
	EndGlobalSection
	GlobalSection(ProjectConfigurationPlatforms) = postSolution
		{393DAA10-0C0A-4167-8B0C-C03058A4A36D}.Debug|Any CPU.ActiveCfg = Debug|Any CPU
		{393DAA10-0C0A-4167-8B0C-C03058A4A36D}.Debug|Any CPU.Build.0 = Debug|Any CPU
		{393DAA10-0C0A-4167-8B0C-C03058A4A36D}.Release|Any CPU.ActiveCfg = Release|Any CPU
		{393DAA10-0C0A-4167-8B0C-C03058A4A36D}.Release|Any CPU.Build.0 = Release|Any CPU
	EndGlobalSection
	GlobalSection(SolutionProperties) = preSolution
		HideSolutionNode = FALSE
	EndGlobalSection
	GlobalSection(ExtensibilityGlobals) = postSolution
		SolutionGuid = {4E203F55-8EF1-444C-A376-1A3645E32CAF}
	EndGlobalSection
EndGlobal
