
Microsoft Visual Studio Solution File, Format Version 12.00
# Visual Studio Version 16
VisualStudioVersion = 16.0.31729.503
MinimumVisualStudioVersion = 10.0.40219.1
Project("{FAE04EC0-301F-11D3-BF4B-00C04F79EFBC}") = "tokaGraafinen", "tokaGraafinen\tokaGraafinen.csproj", "{9903FA2C-094F-49E9-9D76-00AB1FE4E086}"
EndProject
Global
	GlobalSection(SolutionConfigurationPlatforms) = preSolution
		Debug|Any CPU = Debug|Any CPU
		Release|Any CPU = Release|Any CPU
	EndGlobalSection
	GlobalSection(ProjectConfigurationPlatforms) = postSolution
		{9903FA2C-094F-49E9-9D76-00AB1FE4E086}.Debug|Any CPU.ActiveCfg = Debug|Any CPU
		{9903FA2C-094F-49E9-9D76-00AB1FE4E086}.Debug|Any CPU.Build.0 = Debug|Any CPU
		{9903FA2C-094F-49E9-9D76-00AB1FE4E086}.Release|Any CPU.ActiveCfg = Release|Any CPU
		{9903FA2C-094F-49E9-9D76-00AB1FE4E086}.Release|Any CPU.Build.0 = Release|Any CPU
	EndGlobalSection
	GlobalSection(SolutionProperties) = preSolution
		HideSolutionNode = FALSE
	EndGlobalSection
	GlobalSection(ExtensibilityGlobals) = postSolution
		SolutionGuid = {DEE0C2A5-4476-47D3-8119-DCD57CA7F604}
	EndGlobalSection
EndGlobal
