
Microsoft Visual Studio Solution File, Format Version 12.00
# Visual Studio Version 16
VisualStudioVersion = 16.0.31829.152
MinimumVisualStudioVersion = 10.0.40219.1
Project("{FAE04EC0-301F-11D3-BF4B-00C04F79EFBC}") = "Paivakirja", "Paivakirja\Paivakirja.csproj", "{5CE54EDC-9952-4698-8538-5E45F1EA5818}"
EndProject
Global
	GlobalSection(SolutionConfigurationPlatforms) = preSolution
		Debug|Any CPU = Debug|Any CPU
		Release|Any CPU = Release|Any CPU
	EndGlobalSection
	GlobalSection(ProjectConfigurationPlatforms) = postSolution
		{5CE54EDC-9952-4698-8538-5E45F1EA5818}.Debug|Any CPU.ActiveCfg = Debug|Any CPU
		{5CE54EDC-9952-4698-8538-5E45F1EA5818}.Debug|Any CPU.Build.0 = Debug|Any CPU
		{5CE54EDC-9952-4698-8538-5E45F1EA5818}.Release|Any CPU.ActiveCfg = Release|Any CPU
		{5CE54EDC-9952-4698-8538-5E45F1EA5818}.Release|Any CPU.Build.0 = Release|Any CPU
	EndGlobalSection
	GlobalSection(SolutionProperties) = preSolution
		HideSolutionNode = FALSE
	EndGlobalSection
	GlobalSection(ExtensibilityGlobals) = postSolution
		SolutionGuid = {D2AA5530-C10D-4B6C-8B7E-206BAAD26B1B}
	EndGlobalSection
EndGlobal
