
Microsoft Visual Studio Solution File, Format Version 12.00
# Visual Studio Version 16
VisualStudioVersion = 16.0.31729.503
MinimumVisualStudioVersion = 10.0.40219.1
Project("{FAE04EC0-301F-11D3-BF4B-00C04F79EFBC}") = "Laske", "Laske\Laske.csproj", "{8A33170E-6E38-4A3F-BD38-FEE82ECCB2E8}"
EndProject
Global
	GlobalSection(SolutionConfigurationPlatforms) = preSolution
		Debug|Any CPU = Debug|Any CPU
		Release|Any CPU = Release|Any CPU
	EndGlobalSection
	GlobalSection(ProjectConfigurationPlatforms) = postSolution
		{8A33170E-6E38-4A3F-BD38-FEE82ECCB2E8}.Debug|Any CPU.ActiveCfg = Debug|Any CPU
		{8A33170E-6E38-4A3F-BD38-FEE82ECCB2E8}.Debug|Any CPU.Build.0 = Debug|Any CPU
		{8A33170E-6E38-4A3F-BD38-FEE82ECCB2E8}.Release|Any CPU.ActiveCfg = Release|Any CPU
		{8A33170E-6E38-4A3F-BD38-FEE82ECCB2E8}.Release|Any CPU.Build.0 = Release|Any CPU
	EndGlobalSection
	GlobalSection(SolutionProperties) = preSolution
		HideSolutionNode = FALSE
	EndGlobalSection
	GlobalSection(ExtensibilityGlobals) = postSolution
		SolutionGuid = {856CC913-A0F2-45F5-8E50-F8945480E911}
	EndGlobalSection
EndGlobal
