
Microsoft Visual Studio Solution File, Format Version 12.00
# Visual Studio Version 16
VisualStudioVersion = 16.0.31829.152
MinimumVisualStudioVersion = 10.0.40219.1
Project("{FAE04EC0-301F-11D3-BF4B-00C04F79EFBC}") = "AsteMuunnin", "AsteMuunnin\AsteMuunnin.csproj", "{B28EADEF-CC5A-43AB-A9DA-FCBF5221DC0C}"
EndProject
Global
	GlobalSection(SolutionConfigurationPlatforms) = preSolution
		Debug|Any CPU = Debug|Any CPU
		Release|Any CPU = Release|Any CPU
	EndGlobalSection
	GlobalSection(ProjectConfigurationPlatforms) = postSolution
		{B28EADEF-CC5A-43AB-A9DA-FCBF5221DC0C}.Debug|Any CPU.ActiveCfg = Debug|Any CPU
		{B28EADEF-CC5A-43AB-A9DA-FCBF5221DC0C}.Debug|Any CPU.Build.0 = Debug|Any CPU
		{B28EADEF-CC5A-43AB-A9DA-FCBF5221DC0C}.Release|Any CPU.ActiveCfg = Release|Any CPU
		{B28EADEF-CC5A-43AB-A9DA-FCBF5221DC0C}.Release|Any CPU.Build.0 = Release|Any CPU
	EndGlobalSection
	GlobalSection(SolutionProperties) = preSolution
		HideSolutionNode = FALSE
	EndGlobalSection
	GlobalSection(ExtensibilityGlobals) = postSolution
		SolutionGuid = {E3B50558-DD23-4648-A61B-AA85C175D436}
	EndGlobalSection
EndGlobal
